{
  "name": "sfn-ejs-engine",
  "version": "0.1.7",
  "lockfileVersion": 1,
  "dependencies": {
    "@types/ejs": {
      "version": "2.5.0",
      "resolved": "https://registry.npmjs.org/@types/ejs/-/ejs-2.5.0.tgz",
      "integrity": "sha512-mm6fwe7oF2ltOovvKf4ulneGAERJJOo4BFgp5cKDG194byeFOdTpB8Tsuqa9MGJeNydd/D5eh4vmYFOYylR8Rw=="
    },
    "ejs": {
      "version": "2.5.7",
      "resolved": "https://registry.npmjs.org/ejs/-/ejs-2.5.7.tgz",
      "integrity": "sha1-zIcsFoiArjxxiXYv1f/ACJbJUYo="
    }
  }
}
